// !$*UTF8*$!
{
	archiveVersion = 1;
	classes = {
	};
	objectVersion = 53;
	objects = {

/* Begin PBXBuildFile section */
		3D89C78A2786CFFB00074B13 /* AppDelegate.swift in Sources */ = {isa = PBXBuildFile; fileRef = 3D89C7892786CFFB00074B13 /* AppDelegate.swift */; };
		3D89C78C2786CFFB00074B13 /* SceneDelegate.swift in Sources */ = {isa = PBXBuildFile; fileRef = 3D89C78B2786CFFB00074B13 /* SceneDelegate.swift */; };
		3D89C78E2786CFFB00074B13 /* ViewController.swift in Sources */ = {isa = PBXBuildFile; fileRef = 3D89C78D2786CFFB00074B13 /* ViewController.swift */; };
		3D89C7912786CFFB00074B13 /* Main.storyboard in Resources */ = {isa = PBXBuildFile; fileRef = 3D89C78F2786CFFB00074B13 /* Main.storyboard */; };
		3D89C7932786CFFF00074B13 /* Assets.xcassets in Resources */ = {isa = PBXBuildFile; fileRef = 3D89C7922786CFFF00074B13 /* Assets.xcassets */; };
		3D89C7962786CFFF00074B13 /* LaunchScreen.storyboard in Resources */ = {isa = PBXBuildFile; fileRef = 3D89C7942786CFFF00074B13 /* LaunchScreen.storyboard */; };
		3D89C7BB2786D12600074B13 /* HomeViewController.swift in Sources */ = {isa = PBXBuildFile; fileRef = 3D89C7B92786D12600074B13 /* HomeViewController.swift */; };
		3D89C7BC2786D12600074B13 /* HomeViewController.xib in Resources */ = {isa = PBXBuildFile; fileRef = 3D89C7BA2786D12600074B13 /* HomeViewController.xib */; };
		3D89C7C12786D4A400074B13 /* HomeCollectionViewCell.swift in Sources */ = {isa = PBXBuildFile; fileRef = 3D89C7BF2786D4A400074B13 /* HomeCollectionViewCell.swift */; };
		3D89C7C22786D4A400074B13 /* HomeCollectionViewCell.xib in Resources */ = {isa = PBXBuildFile; fileRef = 3D89C7C02786D4A400074B13 /* HomeCollectionViewCell.xib */; };
		3D89C7C62786D4C900074B13 /* Contants .swift in Sources */ = {isa = PBXBuildFile; fileRef = 3D89C7C52786D4C900074B13 /* Contants .swift */; };
		3D89C7C82786D50100074B13 /* Collection.swift in Sources */ = {isa = PBXBuildFile; fileRef = 3D89C7C72786D50100074B13 /* Collection.swift */; };
		3D89C7CB2786EE4A00074B13 /* HomeHeaderCollectionView.swift in Sources */ = {isa = PBXBuildFile; fileRef = 3D89C7C92786EE4A00074B13 /* HomeHeaderCollectionView.swift */; };
		3D89C7CC2786EE4A00074B13 /* HomeHeaderCollectionView.xib in Resources */ = {isa = PBXBuildFile; fileRef = 3D89C7CA2786EE4A00074B13 /* HomeHeaderCollectionView.xib */; };
/* End PBXBuildFile section */

/* Begin PBXContainerItemProxy section */
		3D89C79D2786D00000074B13 /* PBXContainerItemProxy */ = {
			isa = PBXContainerItemProxy;
			containerPortal = 3D89C77E2786CFFA00074B13 /* Project object */;
			proxyType = 1;
			remoteGlobalIDString = 3D89C7852786CFFB00074B13;
			remoteInfo = DemoCollectionView;
		};
		3D89C7A72786D00000074B13 /* PBXContainerItemProxy */ = {
			isa = PBXContainerItemProxy;
			containerPortal = 3D89C77E2786CFFA00074B13 /* Project object */;
			proxyType = 1;
			remoteGlobalIDString = 3D89C7852786CFFB00074B13;
			remoteInfo = DemoCollectionView;
		};
/* End PBXContainerItemProxy section */

/* Begin PBXFileReference section */
		3D89C7862786CFFB00074B13 /* DemoCollectionView.app */ = {isa = PBXFileReference; explicitFileType = wrapper.application; includeInIndex = 0; path = DemoCollectionView.app; sourceTree = BUILT_PRODUCTS_DIR; };
		3D89C7892786CFFB00074B13 /* AppDelegate.swift */ = {isa = PBXFileReference; lastKnownFileType = sourcecode.swift; path = AppDelegate.swift; sourceTree = "<group>"; };
		3D89C78B2786CFFB00074B13 /* SceneDelegate.swift */ = {isa = PBXFileReference; lastKnownFileType = sourcecode.swift; path = SceneDelegate.swift; sourceTree = "<group>"; };
		3D89C78D2786CFFB00074B13 /* ViewController.swift */ = {isa = PBXFileReference; lastKnownFileType = sourcecode.swift; path = ViewController.swift; sourceTree = "<group>"; };
		3D89C7902786CFFB00074B13 /* Base */ = {isa = PBXFileReference; lastKnownFileType = file.storyboard; name = Base; path = Base.lproj/Main.storyboard; sourceTree = "<group>"; };
		3D89C7922786CFFF00074B13 /* Assets.xcassets */ = {isa = PBXFileReference; lastKnownFileType = folder.assetcatalog; path = Assets.xcassets; sourceTree = "<group>"; };
		3D89C7952786CFFF00074B13 /* Base */ = {isa = PBXFileReference; lastKnownFileType = file.storyboard; name = Base; path = Base.lproj/LaunchScreen.storyboard; sourceTree = "<group>"; };
		3D89C7972786CFFF00074B13 /* Info.plist */ = {isa = PBXFileReference; lastKnownFileType = text.plist.xml; path = Info.plist; sourceTree = "<group>"; };
		3D89C79C2786D00000074B13 /* DemoCollectionViewTests.xctest */ = {isa = PBXFileReference; explicitFileType = wrapper.cfbundle; includeInIndex = 0; path = DemoCollectionViewTests.xctest; sourceTree = BUILT_PRODUCTS_DIR; };
		3D89C7A62786D00000074B13 /* DemoCollectionViewUITests.xctest */ = {isa = PBXFileReference; explicitFileType = wrapper.cfbundle; includeInIndex = 0; path = DemoCollectionViewUITests.xctest; sourceTree = BUILT_PRODUCTS_DIR; };
		3D89C7B92786D12600074B13 /* HomeViewController.swift */ = {isa = PBXFileReference; lastKnownFileType = sourcecode.swift; path = HomeViewController.swift; sourceTree = "<group>"; };
		3D89C7BA2786D12600074B13 /* HomeViewController.xib */ = {isa = PBXFileReference; lastKnownFileType = file.xib; path = HomeViewController.xib; sourceTree = "<group>"; };
		3D89C7BF2786D4A400074B13 /* HomeCollectionViewCell.swift */ = {isa = PBXFileReference; lastKnownFileType = sourcecode.swift; path = HomeCollectionViewCell.swift; sourceTree = "<group>"; };
		3D89C7C02786D4A400074B13 /* HomeCollectionViewCell.xib */ = {isa = PBXFileReference; lastKnownFileType = file.xib; path = HomeCollectionViewCell.xib; sourceTree = "<group>"; };
		3D89C7C52786D4C900074B13 /* Contants .swift */ = {isa = PBXFileReference; lastKnownFileType = sourcecode.swift; path = "Contants .swift"; sourceTree = "<group>"; };
		3D89C7C72786D50100074B13 /* Collection.swift */ = {isa = PBXFileReference; lastKnownFileType = sourcecode.swift; path = Collection.swift; sourceTree = "<group>"; };
		3D89C7C92786EE4A00074B13 /* HomeHeaderCollectionView.swift */ = {isa = PBXFileReference; lastKnownFileType = sourcecode.swift; path = HomeHeaderCollectionView.swift; sourceTree = "<group>"; };
		3D89C7CA2786EE4A00074B13 /* HomeHeaderCollectionView.xib */ = {isa = PBXFileReference; lastKnownFileType = file.xib; path = HomeHeaderCollectionView.xib; sourceTree = "<group>"; };
/* End PBXFileReference section */

/* Begin PBXFrameworksBuildPhase section */
		3D89C7832786CFFB00074B13 /* Frameworks */ = {
			isa = PBXFrameworksBuildPhase;
			buildActionMask = 2147483647;
			files = (
			);
			runOnlyForDeploymentPostprocessing = 0;
		};
		3D89C7992786D00000074B13 /* Frameworks */ = {
			isa = PBXFrameworksBuildPhase;
			buildActionMask = 2147483647;
			files = (
			);
			runOnlyForDeploymentPostprocessing = 0;
		};
		3D89C7A32786D00000074B13 /* Frameworks */ = {
			isa = PBXFrameworksBuildPhase;
			buildActionMask = 2147483647;
			files = (
			);
			runOnlyForDeploymentPostprocessing = 0;
		};
/* End PBXFrameworksBuildPhase section */

/* Begin PBXGroup section */
		3D89C77D2786CFFA00074B13 = {
			isa = PBXGroup;
			children = (
				3D89C7882786CFFB00074B13 /* DemoCollectionView */,
				3D89C7872786CFFB00074B13 /* Products */,
			);
			sourceTree = "<group>";
		};
		3D89C7872786CFFB00074B13 /* Products */ = {
			isa = PBXGroup;
			children = (
				3D89C7862786CFFB00074B13 /* DemoCollectionView.app */,
				3D89C79C2786D00000074B13 /* DemoCollectionViewTests.xctest */,
				3D89C7A62786D00000074B13 /* DemoCollectionViewUITests.xctest */,
			);
			name = Products;
			sourceTree = "<group>";
		};
		3D89C7882786CFFB00074B13 /* DemoCollectionView */ = {
			isa = PBXGroup;
			children = (
				3D89C7BE2786D18600074B13 /* App+Scene */,
				3D89C7C42786D4B300074B13 /* Model */,
				3D89C7BD2786D13700074B13 /* HomeViewController */,
				3D89C78F2786CFFB00074B13 /* Main.storyboard */,
				3D89C78D2786CFFB00074B13 /* ViewController.swift */,
				3D89C7922786CFFF00074B13 /* Assets.xcassets */,
				3D89C7942786CFFF00074B13 /* LaunchScreen.storyboard */,
				3D89C7972786CFFF00074B13 /* Info.plist */,
			);
			path = DemoCollectionView;
			sourceTree = "<group>";
		};
		3D89C7BD2786D13700074B13 /* HomeViewController */ = {
			isa = PBXGroup;
			children = (
				3D89C7B92786D12600074B13 /* HomeViewController.swift */,
				3D89C7BA2786D12600074B13 /* HomeViewController.xib */,
				3D89C7C32786D4A900074B13 /* Cells */,
				3D89C7CD2786EE5400074B13 /* Header */,
			);
			path = HomeViewController;
			sourceTree = "<group>";
		};
		3D89C7BE2786D18600074B13 /* App+Scene */ = {
			isa = PBXGroup;
			children = (
				3D89C7892786CFFB00074B13 /* AppDelegate.swift */,
				3D89C78B2786CFFB00074B13 /* SceneDelegate.swift */,
			);
			path = "App+Scene";
			sourceTree = "<group>";
		};
		3D89C7C32786D4A900074B13 /* Cells */ = {
			isa = PBXGroup;
			children = (
				3D89C7BF2786D4A400074B13 /* HomeCollectionViewCell.swift */,
				3D89C7C02786D4A400074B13 /* HomeCollectionViewCell.xib */,
			);
			path = Cells;
			sourceTree = "<group>";
		};
		3D89C7C42786D4B300074B13 /* Model */ = {
			isa = PBXGroup;
			children = (
				3D89C7C52786D4C900074B13 /* Contants .swift */,
				3D89C7C72786D50100074B13 /* Collection.swift */,
			);
			path = Model;
			sourceTree = "<group>";
		};
		3D89C7CD2786EE5400074B13 /* Header */ = {
			isa = PBXGroup;
			children = (
				3D89C7C92786EE4A00074B13 /* HomeHeaderCollectionView.swift */,
				3D89C7CA2786EE4A00074B13 /* HomeHeaderCollectionView.xib */,
			);
			path = Header;
			sourceTree = "<group>";
		};
/* End PBXGroup section */

/* Begin PBXNativeTarget section */
		3D89C7852786CFFB00074B13 /* DemoCollectionView */ = {
			isa = PBXNativeTarget;
			buildConfigurationList = 3D89C7B02786D00000074B13 /* Build configuration list for PBXNativeTarget "DemoCollectionView" */;
			buildPhases = (
				3D89C7822786CFFB00074B13 /* Sources */,
				3D89C7832786CFFB00074B13 /* Frameworks */,
				3D89C7842786CFFB00074B13 /* Resources */,
			);
			buildRules = (
			);
			dependencies = (
			);
			name = DemoCollectionView;
			productName = DemoCollectionView;
			productReference = 3D89C7862786CFFB00074B13 /* DemoCollectionView.app */;
			productType = "com.apple.product-type.application";
		};
		3D89C79B2786D00000074B13 /* DemoCollectionViewTests */ = {
			isa = PBXNativeTarget;
			buildConfigurationList = 3D89C7B32786D00000074B13 /* Build configuration list for PBXNativeTarget "DemoCollectionViewTests" */;
			buildPhases = (
				3D89C7982786D00000074B13 /* Sources */,
				3D89C7992786D00000074B13 /* Frameworks */,
				3D89C79A2786D00000074B13 /* Resources */,
			);
			buildRules = (
			);
			dependencies = (
				3D89C79E2786D00000074B13 /* PBXTargetDependency */,
			);
			name = DemoCollectionViewTests;
			productName = DemoCollectionViewTests;
			productReference = 3D89C79C2786D00000074B13 /* DemoCollectionViewTests.xctest */;
			productType = "com.apple.product-type.bundle.unit-test";
		};
		3D89C7A52786D00000074B13 /* DemoCollectionViewUITests */ = {
			isa = PBXNativeTarget;
			buildConfigurationList = 3D89C7B62786D00000074B13 /* Build configuration list for PBXNativeTarget "DemoCollectionViewUITests" */;
			buildPhases = (
				3D89C7A22786D00000074B13 /* Sources */,
				3D89C7A32786D00000074B13 /* Frameworks */,
				3D89C7A42786D00000074B13 /* Resources */,
			);
			buildRules = (
			);
			dependencies = (
				3D89C7A82786D00000074B13 /* PBXTargetDependency */,
			);
			name = DemoCollectionViewUITests;
			productName = DemoCollectionViewUITests;
			productReference = 3D89C7A62786D00000074B13 /* DemoCollectionViewUITests.xctest */;
			productType = "com.apple.product-type.bundle.ui-testing";
		};
/* End PBXNativeTarget section */

/* Begin PBXProject section */
		3D89C77E2786CFFA00074B13 /* Project object */ = {
			isa = PBXProject;
			attributes = {
				BuildIndependentTargetsInParallel = 1;
				LastSwiftUpdateCheck = 1320;
				LastUpgradeCheck = 1320;
				TargetAttributes = {
					3D89C7852786CFFB00074B13 = {
						CreatedOnToolsVersion = 13.2.1;
					};
					3D89C79B2786D00000074B13 = {
						CreatedOnToolsVersion = 13.2.1;
						TestTargetID = 3D89C7852786CFFB00074B13;
					};
					3D89C7A52786D00000074B13 = {
						CreatedOnToolsVersion = 13.2.1;
						TestTargetID = 3D89C7852786CFFB00074B13;
					};
				};
			};
			buildConfigurationList = 3D89C7812786CFFA00074B13 /* Build configuration list for PBXProject "DemoCollectionView" */;
			compatibilityVersion = "Xcode 9.3";
			developmentRegion = en;
			hasScannedForEncodings = 0;
			knownRegions = (
				en,
				Base,
			);
			mainGroup = 3D89C77D2786CFFA00074B13;
			productRefGroup = 3D89C7872786CFFB00074B13 /* Products */;
			projectDirPath = "";
			projectRoot = "";
			targets = (
				3D89C7852786CFFB00074B13 /* DemoCollectionView */,
				3D89C79B2786D00000074B13 /* DemoCollectionViewTests */,
				3D89C7A52786D00000074B13 /* DemoCollectionViewUITests */,
			);
		};
/* End PBXProject section */

/* Begin PBXResourcesBuildPhase section */
		3D89C7842786CFFB00074B13 /* Resources */ = {
			isa = PBXResourcesBuildPhase;
			buildActionMask = 2147483647;
			files = (
				3D89C7CC2786EE4A00074B13 /* HomeHeaderCollectionView.xib in Resources */,
				3D89C7C22786D4A400074B13 /* HomeCollectionViewCell.xib in Resources */,
				3D89C7962786CFFF00074B13 /* LaunchScreen.storyboard in Resources */,
				3D89C7932786CFFF00074B13 /* Assets.xcassets in Resources */,
				3D89C7912786CFFB00074B13 /* Main.storyboard in Resources */,
				3D89C7BC2786D12600074B13 /* HomeViewController.xib in Resources */,
			);
			runOnlyForDeploymentPostprocessing = 0;
		};
		3D89C79A2786D00000074B13 /* Resources */ = {
			isa = PBXResourcesBuildPhase;
			buildActionMask = 2147483647;
			files = (
			);
			runOnlyForDeploymentPostprocessing = 0;
		};
		3D89C7A42786D00000074B13 /* Resources */ = {
			isa = PBXResourcesBuildPhase;
			buildActionMask = 2147483647;
			files = (
			);
			runOnlyForDeploymentPostprocessing = 0;
		};
/* End PBXResourcesBuildPhase section */

/* Begin PBXSourcesBuildPhase section */
		3D89C7822786CFFB00074B13 /* Sources */ = {
			isa = PBXSourcesBuildPhase;
			buildActionMask = 2147483647;
			files = (
				3D89C7C12786D4A400074B13 /* HomeCollectionViewCell.swift in Sources */,
				3D89C78E2786CFFB00074B13 /* ViewController.swift in Sources */,
				3D89C7CB2786EE4A00074B13 /* HomeHeaderCollectionView.swift in Sources */,
				3D89C7C62786D4C900074B13 /* Contants .swift in Sources */,
				3D89C78A2786CFFB00074B13 /* AppDelegate.swift in Sources */,
				3D89C78C2786CFFB00074B13 /* SceneDelegate.swift in Sources */,
				3D89C7C82786D50100074B13 /* Collection.swift in Sources */,
				3D89C7BB2786D12600074B13 /* HomeViewController.swift in Sources */,
			);
			runOnlyForDeploymentPostprocessing = 0;
		};
		3D89C7982786D00000074B13 /* Sources */ = {
			isa = PBXSourcesBuildPhase;
			buildActionMask = 2147483647;
			files = (
			);
			runOnlyForDeploymentPostprocessing = 0;
		};
		3D89C7A22786D00000074B13 /* Sources */ = {
			isa = PBXSourcesBuildPhase;
			buildActionMask = 2147483647;
			files = (
			);
			runOnlyForDeploymentPostprocessing = 0;
		};
/* End PBXSourcesBuildPhase section */

/* Begin PBXTargetDependency section */
		3D89C79E2786D00000074B13 /* PBXTargetDependency */ = {
			isa = PBXTargetDependency;
			target = 3D89C7852786CFFB00074B13 /* DemoCollectionView */;
			targetProxy = 3D89C79D2786D00000074B13 /* PBXContainerItemProxy */;
		};
		3D89C7A82786D00000074B13 /* PBXTargetDependency */ = {
			isa = PBXTargetDependency;
			target = 3D89C7852786CFFB00074B13 /* DemoCollectionView */;
			targetProxy = 3D89C7A72786D00000074B13 /* PBXContainerItemProxy */;
		};
/* End PBXTargetDependency section */

/* Begin PBXVariantGroup section */
		3D89C78F2786CFFB00074B13 /* Main.storyboard */ = {
			isa = PBXVariantGroup;
			children = (
				3D89C7902786CFFB00074B13 /* Base */,
			);
			name = Main.storyboard;
			sourceTree = "<group>";
		};
		3D89C7942786CFFF00074B13 /* LaunchScreen.storyboard */ = {
			isa = PBXVariantGroup;
			children = (
				3D89C7952786CFFF00074B13 /* Base */,
			);
			name = LaunchScreen.storyboard;
			sourceTree = "<group>";
		};
/* End PBXVariantGroup section */

/* Begin XCBuildConfiguration section */
		3D89C7AE2786D00000074B13 /* Debug */ = {
			isa = XCBuildConfiguration;
			buildSettings = {
				ALWAYS_SEARCH_USER_PATHS = NO;
				CLANG_ANALYZER_NONNULL = YES;
				CLANG_ANALYZER_NUMBER_OBJECT_CONVERSION = YES_AGGRESSIVE;
				CLANG_CXX_LANGUAGE_STANDARD = "gnu++17";
				CLANG_CXX_LIBRARY = "libc++";
				CLANG_ENABLE_MODULES = YES;
				CLANG_ENABLE_OBJC_ARC = YES;
				CLANG_ENABLE_OBJC_WEAK = YES;
				CLANG_WARN_BLOCK_CAPTURE_AUTORELEASING = YES;
				CLANG_WARN_BOOL_CONVERSION = YES;
				CLANG_WARN_COMMA = YES;
				CLANG_WARN_CONSTANT_CONVERSION = YES;
				CLANG_WARN_DEPRECATED_OBJC_IMPLEMENTATIONS = YES;
				CLANG_WARN_DIRECT_OBJC_ISA_USAGE = YES_ERROR;
				CLANG_WARN_DOCUMENTATION_COMMENTS = YES;
				CLANG_WARN_EMPTY_BODY = YES;
				CLANG_WARN_ENUM_CONVERSION = YES;
				CLANG_WARN_INFINITE_RECURSION = YES;
				CLANG_WARN_INT_CONVERSION = YES;
				CLANG_WARN_NON_LITERAL_NULL_CONVERSION = YES;
				CLANG_WARN_OBJC_IMPLICIT_RETAIN_SELF = YES;
				CLANG_WARN_OBJC_LITERAL_CONVERSION = YES;
				CLANG_WARN_OBJC_ROOT_CLASS = YES_ERROR;
				CLANG_WARN_QUOTED_INCLUDE_IN_FRAMEWORK_HEADER = YES;
				CLANG_WARN_RANGE_LOOP_ANALYSIS = YES;
				CLANG_WARN_STRICT_PROTOTYPES = YES;
				CLANG_WARN_SUSPICIOUS_MOVE = YES;
				CLANG_WARN_UNGUARDED_AVAILABILITY = YES_AGGRESSIVE;
				CLANG_WARN_UNREACHABLE_CODE = YES;
				CLANG_WARN__DUPLICATE_METHOD_MATCH = YES;
				COPY_PHASE_STRIP = NO;
				DEBUG_INFORMATION_FORMAT = dwarf;
				ENABLE_STRICT_OBJC_MSGSEND = YES;
				ENABLE_TESTABILITY = YES;
				GCC_C_LANGUAGE_STANDARD = gnu11;
				GCC_DYNAMIC_NO_PIC = NO;
				GCC_NO_COMMON_BLOCKS = YES;
				GCC_OPTIMIZATION_LEVEL = 0;
				GCC_PREPROCESSOR_DEFINITIONS = (
					"DEBUG=1",
					"$(inherited)",
				);
				GCC_WARN_64_TO_32_BIT_CONVERSION = YES;
				GCC_WARN_ABOUT_RETURN_TYPE = YES_ERROR;
				GCC_WARN_UNDECLARED_SELECTOR = YES;
				GCC_WARN_UNINITIALIZED_AUTOS = YES_AGGRESSIVE;
				GCC_WARN_UNUSED_FUNCTION = YES;
				GCC_WARN_UNUSED_VARIABLE = YES;
				IPHONEOS_DEPLOYMENT_TARGET = 15.2;
				MTL_ENABLE_DEBUG_INFO = INCLUDE_SOURCE;
				MTL_FAST_MATH = YES;
				ONLY_ACTIVE_ARCH = YES;
				SDKROOT = iphoneos;
				SWIFT_ACTIVE_COMPILATION_CONDITIONS = DEBUG;
				SWIFT_OPTIMIZATION_LEVEL = "-Onone";
			};
			name = Debug;
		};
		3D89C7AF2786D00000074B13 /* Release */ = {
			isa = XCBuildConfiguration;
			buildSettings = {
				ALWAYS_SEARCH_USER_PATHS = NO;
				CLANG_ANALYZER_NONNULL = YES;
				CLANG_ANALYZER_NUMBER_OBJECT_CONVERSION = YES_AGGRESSIVE;
				CLANG_CXX_LANGUAGE_STANDARD = "gnu++17";
				CLANG_CXX_LIBRARY = "libc++";
				CLANG_ENABLE_MODULES = YES;
				CLANG_ENABLE_OBJC_ARC = YES;
				CLANG_ENABLE_OBJC_WEAK = YES;
				CLANG_WARN_BLOCK_CAPTURE_AUTORELEASING = YES;
				CLANG_WARN_BOOL_CONVERSION = YES;
				CLANG_WARN_COMMA = YES;
				CLANG_WARN_CONSTANT_CONVERSION = YES;
				CLANG_WARN_DEPRECATED_OBJC_IMPLEMENTATIONS = YES;
				CLANG_WARN_DIRECT_OBJC_ISA_USAGE = YES_ERROR;
				CLANG_WARN_DOCUMENTATION_COMMENTS = YES;
				CLANG_WARN_EMPTY_BODY = YES;
				CLANG_WARN_ENUM_CONVERSION = YES;
				CLANG_WARN_INFINITE_RECURSION = YES;
				CLANG_WARN_INT_CONVERSION = YES;
				CLANG_WARN_NON_LITERAL_NULL_CONVERSION = YES;
				CLANG_WARN_OBJC_IMPLICIT_RETAIN_SELF = YES;
				CLANG_WARN_OBJC_LITERAL_CONVERSION = YES;
				CLANG_WARN_OBJC_ROOT_CLASS = YES_ERROR;
				CLANG_WARN_QUOTED_INCLUDE_IN_FRAMEWORK_HEADER = YES;
				CLANG_WARN_RANGE_LOOP_ANALYSIS = YES;
				CLANG_WARN_STRICT_PROTOTYPES = YES;
				CLANG_WARN_SUSPICIOUS_MOVE = YES;
				CLANG_WARN_UNGUARDED_AVAILABILITY = YES_AGGRESSIVE;
				CLANG_WARN_UNREACHABLE_CODE = YES;
				CLANG_WARN__DUPLICATE_METHOD_MATCH = YES;
				COPY_PHASE_STRIP = NO;
				DEBUG_INFORMATION_FORMAT = "dwarf-with-dsym";
				ENABLE_NS_ASSERTIONS = NO;
				ENABLE_STRICT_OBJC_MSGSEND = YES;
				GCC_C_LANGUAGE_STANDARD = gnu11;
				GCC_NO_COMMON_BLOCKS = YES;
				GCC_WARN_64_TO_32_BIT_CONVERSION = YES;
				GCC_WARN_ABOUT_RETURN_TYPE = YES_ERROR;
				GCC_WARN_UNDECLARED_SELECTOR = YES;
				GCC_WARN_UNINITIALIZED_AUTOS = YES_AGGRESSIVE;
				GCC_WARN_UNUSED_FUNCTION = YES;
				GCC_WARN_UNUSED_VARIABLE = YES;
				IPHONEOS_DEPLOYMENT_TARGET = 15.2;
				MTL_ENABLE_DEBUG_INFO = NO;
				MTL_FAST_MATH = YES;
				SDKROOT = iphoneos;
				SWIFT_COMPILATION_MODE = wholemodule;
				SWIFT_OPTIMIZATION_LEVEL = "-O";
				VALIDATE_PRODUCT = YES;
			};
			name = Release;
		};
		3D89C7B12786D00000074B13 /* Debug */ = {
			isa = XCBuildConfiguration;
			buildSettings = {
				ASSETCATALOG_COMPILER_APPICON_NAME = AppIcon;
				ASSETCATALOG_COMPILER_GLOBAL_ACCENT_COLOR_NAME = AccentColor;
				CODE_SIGN_STYLE = Automatic;
				CURRENT_PROJECT_VERSION = 1;
				DEVELOPMENT_TEAM = P69J6UB4NT;
				GENERATE_INFOPLIST_FILE = YES;
				INFOPLIST_FILE = DemoCollectionView/Info.plist;
				INFOPLIST_KEY_UIApplicationSupportsIndirectInputEvents = YES;
				INFOPLIST_KEY_UILaunchStoryboardName = LaunchScreen;
				INFOPLIST_KEY_UIMainStoryboardFile = Main;
				INFOPLIST_KEY_UISupportedInterfaceOrientations_iPad = "UIInterfaceOrientationPortrait UIInterfaceOrientationPortraitUpsideDown UIInterfaceOrientationLandscapeLeft UIInterfaceOrientationLandscapeRight";
				INFOPLIST_KEY_UISupportedInterfaceOrientations_iPhone = "UIInterfaceOrientationPortrait UIInterfaceOrientationLandscapeLeft UIInterfaceOrientationLandscapeRight";
				IPHONEOS_DEPLOYMENT_TARGET = 13.0;
				LD_RUNPATH_SEARCH_PATHS = (
					"$(inherited)",
					"@executable_path/Frameworks",
				);
				MARKETING_VERSION = 1.0;
				PRODUCT_BUNDLE_IDENTIFIER = hung.DemoCollectionView;
				PRODUCT_NAME = "$(TARGET_NAME)";
				SWIFT_EMIT_LOC_STRINGS = YES;
				SWIFT_VERSION = 5.0;
				TARGETED_DEVICE_FAMILY = "1,2";
			};
			name = Debug;
		};
		3D89C7B22786D00000074B13 /* Release */ = {
			isa = XCBuildConfiguration;
			buildSettings = {
				ASSETCATALOG_COMPILER_APPICON_NAME = AppIcon;
				ASSETCATALOG_COMPILER_GLOBAL_ACCENT_COLOR_NAME = AccentColor;
				CODE_SIGN_STYLE = Automatic;
				CURRENT_PROJECT_VERSION = 1;
				DEVELOPMENT_TEAM = P69J6UB4NT;
				GENERATE_INFOPLIST_FILE = YES;
				INFOPLIST_FILE = DemoCollectionView/Info.plist;
				INFOPLIST_KEY_UIApplicationSupportsIndirectInputEvents = YES;
				INFOPLIST_KEY_UILaunchStoryboardName = LaunchScreen;
				INFOPLIST_KEY_UIMainStoryboardFile = Main;
				INFOPLIST_KEY_UISupportedInterfaceOrientations_iPad = "UIInterfaceOrientationPortrait UIInterfaceOrientationPortraitUpsideDown UIInterfaceOrientationLandscapeLeft UIInterfaceOrientationLandscapeRight";
				INFOPLIST_KEY_UISupportedInterfaceOrientations_iPhone = "UIInterfaceOrientationPortrait UIInterfaceOrientationLandscapeLeft UIInterfaceOrientationLandscapeRight";
				IPHONEOS_DEPLOYMENT_TARGET = 13.0;
				LD_RUNPATH_SEARCH_PATHS = (
					"$(inherited)",
					"@executable_path/Frameworks",
				);
				MARKETING_VERSION = 1.0;
				PRODUCT_BUNDLE_IDENTIFIER = hung.DemoCollectionView;
				PRODUCT_NAME = "$(TARGET_NAME)";
				SWIFT_EMIT_LOC_STRINGS = YES;
				SWIFT_VERSION = 5.0;
				TARGETED_DEVICE_FAMILY = "1,2";
			};
			name = Release;
		};
		3D89C7B42786D00000074B13 /* Debug */ = {
			isa = XCBuildConfiguration;
			buildSettings = {
				ALWAYS_EMBED_SWIFT_STANDARD_LIBRARIES = YES;
				BUNDLE_LOADER = "$(TEST_HOST)";
				CODE_SIGN_STYLE = Automatic;
				CURRENT_PROJECT_VERSION = 1;
				DEVELOPMENT_TEAM = P69J6UB4NT;
				GENERATE_INFOPLIST_FILE = YES;
				IPHONEOS_DEPLOYMENT_TARGET = 15.2;
				MARKETING_VERSION = 1.0;
				PRODUCT_BUNDLE_IDENTIFIER = hung.DemoCollectionViewTests;
				PRODUCT_NAME = "$(TARGET_NAME)";
				SWIFT_EMIT_LOC_STRINGS = NO;
				SWIFT_VERSION = 5.0;
				TARGETED_DEVICE_FAMILY = "1,2";
				TEST_HOST = "$(BUILT_PRODUCTS_DIR)/DemoCollectionView.app/DemoCollectionView";
			};
			name = Debug;
		};
		3D89C7B52786D00000074B13 /* Release */ = {
			isa = XCBuildConfiguration;
			buildSettings = {
				ALWAYS_EMBED_SWIFT_STANDARD_LIBRARIES = YES;
				BUNDLE_LOADER = "$(TEST_HOST)";
				CODE_SIGN_STYLE = Automatic;
				CURRENT_PROJECT_VERSION = 1;
				DEVELOPMENT_TEAM = P69J6UB4NT;
				GENERATE_INFOPLIST_FILE = YES;
				IPHONEOS_DEPLOYMENT_TARGET = 15.2;
				MARKETING_VERSION = 1.0;
				PRODUCT_BUNDLE_IDENTIFIER = hung.DemoCollectionViewTests;
				PRODUCT_NAME = "$(TARGET_NAME)";
				SWIFT_EMIT_LOC_STRINGS = NO;
				SWIFT_VERSION = 5.0;
				TARGETED_DEVICE_FAMILY = "1,2";
				TEST_HOST = "$(BUILT_PRODUCTS_DIR)/DemoCollectionView.app/DemoCollectionView";
			};
			name = Release;
		};
		3D89C7B72786D00000074B13 /* Debug */ = {
			isa = XCBuildConfiguration;
			buildSettings = {
				ALWAYS_EMBED_SWIFT_STANDARD_LIBRARIES = YES;
				CODE_SIGN_STYLE = Automatic;
				CURRENT_PROJECT_VERSION = 1;
				DEVELOPMENT_TEAM = P69J6UB4NT;
				GENERATE_INFOPLIST_FILE = YES;
				MARKETING_VERSION = 1.0;
				PRODUCT_BUNDLE_IDENTIFIER = hung.DemoCollectionViewUITests;
				PRODUCT_NAME = "$(TARGET_NAME)";
				SWIFT_EMIT_LOC_STRINGS = NO;
				SWIFT_VERSION = 5.0;
				TARGETED_DEVICE_FAMILY = "1,2";
				TEST_TARGET_NAME = DemoCollectionView;
			};
			name = Debug;
		};
		3D89C7B82786D00000074B13 /* Release */ = {
			isa = XCBuildConfiguration;
			buildSettings = {
				ALWAYS_EMBED_SWIFT_STANDARD_LIBRARIES = YES;
				CODE_SIGN_STYLE = Automatic;
				CURRENT_PROJECT_VERSION = 1;
				DEVELOPMENT_TEAM = P69J6UB4NT;
				GENERATE_INFOPLIST_FILE = YES;
				MARKETING_VERSION = 1.0;
				PRODUCT_BUNDLE_IDENTIFIER = hung.DemoCollectionViewUITests;
				PRODUCT_NAME = "$(TARGET_NAME)";
				SWIFT_EMIT_LOC_STRINGS = NO;
				SWIFT_VERSION = 5.0;
				TARGETED_DEVICE_FAMILY = "1,2";
				TEST_TARGET_NAME = DemoCollectionView;
			};
			name = Release;
		};
/* End XCBuildConfiguration section */

/* Begin XCConfigurationList section */
		3D89C7812786CFFA00074B13 /* Build configuration list for PBXProject "DemoCollectionView" */ = {
			isa = XCConfigurationList;
			buildConfigurations = (
				3D89C7AE2786D00000074B13 /* Debug */,
				3D89C7AF2786D00000074B13 /* Release */,
			);
			defaultConfigurationIsVisible = 0;
			defaultConfigurationName = Release;
		};
		3D89C7B02786D00000074B13 /* Build configuration list for PBXNativeTarget "DemoCollectionView" */ = {
			isa = XCConfigurationList;
			buildConfigurations = (
				3D89C7B12786D00000074B13 /* Debug */,
				3D89C7B22786D00000074B13 /* Release */,
			);
			defaultConfigurationIsVisible = 0;
			defaultConfigurationName = Release;
		};
		3D89C7B32786D00000074B13 /* Build configuration list for PBXNativeTarget "DemoCollectionViewTests" */ = {
			isa = XCConfigurationList;
			buildConfigurations = (
				3D89C7B42786D00000074B13 /* Debug */,
				3D89C7B52786D00000074B13 /* Release */,
			);
			defaultConfigurationIsVisible = 0;
			defaultConfigurationName = Release;
		};
		3D89C7B62786D00000074B13 /* Build configuration list for PBXNativeTarget "DemoCollectionViewUITests" */ = {
			isa = XCConfigurationList;
			buildConfigurations = (
				3D89C7B72786D00000074B13 /* Debug */,
				3D89C7B82786D00000074B13 /* Release */,
			);
			defaultConfigurationIsVisible = 0;
			defaultConfigurationName = Release;
		};
/* End XCConfigurationList section */
	};
	rootObject = 3D89C77E2786CFFA00074B13 /* Project object */;
}
